
Microsoft Visual Studio Solution File, Format Version 12.00
# Visual Studio Version 17
VisualStudioVersion = 17.11.35219.272
MinimumVisualStudioVersion = 10.0.40219.1
Project("{778DAE3C-4631-46EA-AA77-85C1314464D9}") = "BlueprintCAD", "BlueprintCAD\BlueprintCAD.vbproj", "{E43BB0AA-BF12-4E4F-98BF-756E3FC57990}"
EndProject
Project("{2150E333-8FDC-42A3-9474-1A3956D46DE8}") = "framework", "framework", "{FC99C6D6-A1C2-4487-BF07-BB0616EDB596}"
EndProject
Project("{778DAE3C-4631-46EA-AA77-85C1314464D9}") = "Core", "..\GCModeller\src\runtime\sciBASIC#\Microsoft.VisualBasic.Core\src\Core.vbproj", "{6745A33A-56A6-4FCF-87C5-02631FD5D82B}"
EndProject
Project("{778DAE3C-4631-46EA-AA77-85C1314464D9}") = "graph-netcore5", "..\GCModeller\src\runtime\sciBASIC#\Data_science\Graph\graph-netcore5.vbproj", "{D49F5A17-549B-4B02-8BBC-DE4CE5582777}"
EndProject
Project("{778DAE3C-4631-46EA-AA77-85C1314464D9}") = "Math.NET5", "..\GCModeller\src\runtime\sciBASIC#\Data_science\Mathematica\Math\Math\Math.NET5.vbproj", "{8B8703F5-5CDC-4C4C-A15B-A5092E6B9DD0}"
EndProject
Project("{778DAE3C-4631-46EA-AA77-85C1314464D9}") = "network_graph-netcore5", "..\GCModeller\src\runtime\sciBASIC#\gr\network-visualization\Datavisualization.Network\network_graph-netcore5.vbproj", "{3A9545ED-89AD-43F1-81FF-13625582E55E}"
EndProject
Global
	GlobalSection(SolutionConfigurationPlatforms) = preSolution
		CFD_win32|Any CPU = CFD_win32|Any CPU
		CFD_win32|x64 = CFD_win32|x64
		CFD_win32|x86 = CFD_win32|x86
		Debug|Any CPU = Debug|Any CPU
		Debug|x64 = Debug|x64
		Debug|x86 = Debug|x86
		Desktop|Any CPU = Desktop|Any CPU
		Desktop|x64 = Desktop|x64
		Desktop|x86 = Desktop|x86
		Docker|Any CPU = Docker|Any CPU
		Docker|x64 = Docker|x64
		Docker|x86 = Docker|x86
		gcmodeller_desktop|Any CPU = gcmodeller_desktop|Any CPU
		gcmodeller_desktop|x64 = gcmodeller_desktop|x64
		gcmodeller_desktop|x86 = gcmodeller_desktop|x86
		LipidSearch|Any CPU = LipidSearch|Any CPU
		LipidSearch|x64 = LipidSearch|x64
		LipidSearch|x86 = LipidSearch|x86
		mzkit_win32|Any CPU = mzkit_win32|Any CPU
		mzkit_win32|x64 = mzkit_win32|x64
		mzkit_win32|x86 = mzkit_win32|x86
		mzkit|Any CPU = mzkit|Any CPU
		mzkit|x64 = mzkit|x64
		mzkit|x86 = mzkit|x86
		NPSearch|Any CPU = NPSearch|Any CPU
		NPSearch|x64 = NPSearch|x64
		NPSearch|x86 = NPSearch|x86
		nuget_release|Any CPU = nuget_release|Any CPU
		nuget_release|x64 = nuget_release|x64
		nuget_release|x86 = nuget_release|x86
		PlantMAT|Any CPU = PlantMAT|Any CPU
		PlantMAT|x64 = PlantMAT|x64
		PlantMAT|x86 = PlantMAT|x86
		Release|Any CPU = Release|Any CPU
		Release|x64 = Release|x64
		Release|x86 = Release|x86
		Rsharp_app_release|Any CPU = Rsharp_app_release|Any CPU
		Rsharp_app_release|x64 = Rsharp_app_release|x64
		Rsharp_app_release|x86 = Rsharp_app_release|x86
	EndGlobalSection
	GlobalSection(ProjectConfigurationPlatforms) = postSolution
		{E43BB0AA-BF12-4E4F-98BF-756E3FC57990}.CFD_win32|Any CPU.ActiveCfg = Release|Any CPU
		{E43BB0AA-BF12-4E4F-98BF-756E3FC57990}.CFD_win32|Any CPU.Build.0 = Release|Any CPU
		{E43BB0AA-BF12-4E4F-98BF-756E3FC57990}.CFD_win32|x64.ActiveCfg = Release|Any CPU
		{E43BB0AA-BF12-4E4F-98BF-756E3FC57990}.CFD_win32|x64.Build.0 = Release|Any CPU
		{E43BB0AA-BF12-4E4F-98BF-756E3FC57990}.CFD_win32|x86.ActiveCfg = Release|Any CPU
		{E43BB0AA-BF12-4E4F-98BF-756E3FC57990}.CFD_win32|x86.Build.0 = Release|Any CPU
		{E43BB0AA-BF12-4E4F-98BF-756E3FC57990}.Debug|Any CPU.ActiveCfg = Debug|Any CPU
		{E43BB0AA-BF12-4E4F-98BF-756E3FC57990}.Debug|Any CPU.Build.0 = Debug|Any CPU
		{E43BB0AA-BF12-4E4F-98BF-756E3FC57990}.Debug|x64.ActiveCfg = Debug|x64
		{E43BB0AA-BF12-4E4F-98BF-756E3FC57990}.Debug|x64.Build.0 = Debug|x64
		{E43BB0AA-BF12-4E4F-98BF-756E3FC57990}.Debug|x86.ActiveCfg = Debug|Any CPU
		{E43BB0AA-BF12-4E4F-98BF-756E3FC57990}.Debug|x86.Build.0 = Debug|Any CPU
		{E43BB0AA-BF12-4E4F-98BF-756E3FC57990}.Desktop|Any CPU.ActiveCfg = Debug|Any CPU
		{E43BB0AA-BF12-4E4F-98BF-756E3FC57990}.Desktop|Any CPU.Build.0 = Debug|Any CPU
		{E43BB0AA-BF12-4E4F-98BF-756E3FC57990}.Desktop|x64.ActiveCfg = Debug|Any CPU
		{E43BB0AA-BF12-4E4F-98BF-756E3FC57990}.Desktop|x64.Build.0 = Debug|Any CPU
		{E43BB0AA-BF12-4E4F-98BF-756E3FC57990}.Desktop|x86.ActiveCfg = Debug|Any CPU
		{E43BB0AA-BF12-4E4F-98BF-756E3FC57990}.Desktop|x86.Build.0 = Debug|Any CPU
		{E43BB0AA-BF12-4E4F-98BF-756E3FC57990}.Docker|Any CPU.ActiveCfg = Debug|Any CPU
		{E43BB0AA-BF12-4E4F-98BF-756E3FC57990}.Docker|Any CPU.Build.0 = Debug|Any CPU
		{E43BB0AA-BF12-4E4F-98BF-756E3FC57990}.Docker|x64.ActiveCfg = Debug|Any CPU
		{E43BB0AA-BF12-4E4F-98BF-756E3FC57990}.Docker|x64.Build.0 = Debug|Any CPU
		{E43BB0AA-BF12-4E4F-98BF-756E3FC57990}.Docker|x86.ActiveCfg = Debug|Any CPU
		{E43BB0AA-BF12-4E4F-98BF-756E3FC57990}.Docker|x86.Build.0 = Debug|Any CPU
		{E43BB0AA-BF12-4E4F-98BF-756E3FC57990}.gcmodeller_desktop|Any CPU.ActiveCfg = Release|Any CPU
		{E43BB0AA-BF12-4E4F-98BF-756E3FC57990}.gcmodeller_desktop|Any CPU.Build.0 = Release|Any CPU
		{E43BB0AA-BF12-4E4F-98BF-756E3FC57990}.gcmodeller_desktop|x64.ActiveCfg = Release|Any CPU
		{E43BB0AA-BF12-4E4F-98BF-756E3FC57990}.gcmodeller_desktop|x64.Build.0 = Release|Any CPU
		{E43BB0AA-BF12-4E4F-98BF-756E3FC57990}.gcmodeller_desktop|x86.ActiveCfg = Release|Any CPU
		{E43BB0AA-BF12-4E4F-98BF-756E3FC57990}.gcmodeller_desktop|x86.Build.0 = Release|Any CPU
		{E43BB0AA-BF12-4E4F-98BF-756E3FC57990}.LipidSearch|Any CPU.ActiveCfg = Release|Any CPU
		{E43BB0AA-BF12-4E4F-98BF-756E3FC57990}.LipidSearch|Any CPU.Build.0 = Release|Any CPU
		{E43BB0AA-BF12-4E4F-98BF-756E3FC57990}.LipidSearch|x64.ActiveCfg = Release|Any CPU
		{E43BB0AA-BF12-4E4F-98BF-756E3FC57990}.LipidSearch|x64.Build.0 = Release|Any CPU
		{E43BB0AA-BF12-4E4F-98BF-756E3FC57990}.LipidSearch|x86.ActiveCfg = Release|Any CPU
		{E43BB0AA-BF12-4E4F-98BF-756E3FC57990}.LipidSearch|x86.Build.0 = Release|Any CPU
		{E43BB0AA-BF12-4E4F-98BF-756E3FC57990}.mzkit_win32|Any CPU.ActiveCfg = Release|Any CPU
		{E43BB0AA-BF12-4E4F-98BF-756E3FC57990}.mzkit_win32|Any CPU.Build.0 = Release|Any CPU
		{E43BB0AA-BF12-4E4F-98BF-756E3FC57990}.mzkit_win32|x64.ActiveCfg = Release|Any CPU
		{E43BB0AA-BF12-4E4F-98BF-756E3FC57990}.mzkit_win32|x64.Build.0 = Release|Any CPU
		{E43BB0AA-BF12-4E4F-98BF-756E3FC57990}.mzkit_win32|x86.ActiveCfg = Release|Any CPU
		{E43BB0AA-BF12-4E4F-98BF-756E3FC57990}.mzkit_win32|x86.Build.0 = Release|Any CPU
		{E43BB0AA-BF12-4E4F-98BF-756E3FC57990}.mzkit|Any CPU.ActiveCfg = Release|Any CPU
		{E43BB0AA-BF12-4E4F-98BF-756E3FC57990}.mzkit|Any CPU.Build.0 = Release|Any CPU
		{E43BB0AA-BF12-4E4F-98BF-756E3FC57990}.mzkit|x64.ActiveCfg = Release|Any CPU
		{E43BB0AA-BF12-4E4F-98BF-756E3FC57990}.mzkit|x64.Build.0 = Release|Any CPU
		{E43BB0AA-BF12-4E4F-98BF-756E3FC57990}.mzkit|x86.ActiveCfg = Release|Any CPU
		{E43BB0AA-BF12-4E4F-98BF-756E3FC57990}.mzkit|x86.Build.0 = Release|Any CPU
		{E43BB0AA-BF12-4E4F-98BF-756E3FC57990}.NPSearch|Any CPU.ActiveCfg = Release|Any CPU
		{E43BB0AA-BF12-4E4F-98BF-756E3FC57990}.NPSearch|Any CPU.Build.0 = Release|Any CPU
		{E43BB0AA-BF12-4E4F-98BF-756E3FC57990}.NPSearch|x64.ActiveCfg = Release|Any CPU
		{E43BB0AA-BF12-4E4F-98BF-756E3FC57990}.NPSearch|x64.Build.0 = Release|Any CPU
		{E43BB0AA-BF12-4E4F-98BF-756E3FC57990}.NPSearch|x86.ActiveCfg = Release|Any CPU
		{E43BB0AA-BF12-4E4F-98BF-756E3FC57990}.NPSearch|x86.Build.0 = Release|Any CPU
		{E43BB0AA-BF12-4E4F-98BF-756E3FC57990}.nuget_release|Any CPU.ActiveCfg = Release|Any CPU
		{E43BB0AA-BF12-4E4F-98BF-756E3FC57990}.nuget_release|Any CPU.Build.0 = Release|Any CPU
		{E43BB0AA-BF12-4E4F-98BF-756E3FC57990}.nuget_release|x64.ActiveCfg = Release|Any CPU
		{E43BB0AA-BF12-4E4F-98BF-756E3FC57990}.nuget_release|x64.Build.0 = Release|Any CPU
		{E43BB0AA-BF12-4E4F-98BF-756E3FC57990}.nuget_release|x86.ActiveCfg = Release|Any CPU
		{E43BB0AA-BF12-4E4F-98BF-756E3FC57990}.nuget_release|x86.Build.0 = Release|Any CPU
		{E43BB0AA-BF12-4E4F-98BF-756E3FC57990}.PlantMAT|Any CPU.ActiveCfg = Release|Any CPU
		{E43BB0AA-BF12-4E4F-98BF-756E3FC57990}.PlantMAT|Any CPU.Build.0 = Release|Any CPU
		{E43BB0AA-BF12-4E4F-98BF-756E3FC57990}.PlantMAT|x64.ActiveCfg = Release|Any CPU
		{E43BB0AA-BF12-4E4F-98BF-756E3FC57990}.PlantMAT|x64.Build.0 = Release|Any CPU
		{E43BB0AA-BF12-4E4F-98BF-756E3FC57990}.PlantMAT|x86.ActiveCfg = Release|Any CPU
		{E43BB0AA-BF12-4E4F-98BF-756E3FC57990}.PlantMAT|x86.Build.0 = Release|Any CPU
		{E43BB0AA-BF12-4E4F-98BF-756E3FC57990}.Release|Any CPU.ActiveCfg = Release|Any CPU
		{E43BB0AA-BF12-4E4F-98BF-756E3FC57990}.Release|Any CPU.Build.0 = Release|Any CPU
		{E43BB0AA-BF12-4E4F-98BF-756E3FC57990}.Release|x64.ActiveCfg = Release|Any CPU
		{E43BB0AA-BF12-4E4F-98BF-756E3FC57990}.Release|x64.Build.0 = Release|Any CPU
		{E43BB0AA-BF12-4E4F-98BF-756E3FC57990}.Release|x86.ActiveCfg = Release|Any CPU
		{E43BB0AA-BF12-4E4F-98BF-756E3FC57990}.Release|x86.Build.0 = Release|Any CPU
		{E43BB0AA-BF12-4E4F-98BF-756E3FC57990}.Rsharp_app_release|Any CPU.ActiveCfg = Release|Any CPU
		{E43BB0AA-BF12-4E4F-98BF-756E3FC57990}.Rsharp_app_release|Any CPU.Build.0 = Release|Any CPU
		{E43BB0AA-BF12-4E4F-98BF-756E3FC57990}.Rsharp_app_release|x64.ActiveCfg = Release|Any CPU
		{E43BB0AA-BF12-4E4F-98BF-756E3FC57990}.Rsharp_app_release|x64.Build.0 = Release|Any CPU
		{E43BB0AA-BF12-4E4F-98BF-756E3FC57990}.Rsharp_app_release|x86.ActiveCfg = Release|Any CPU
		{E43BB0AA-BF12-4E4F-98BF-756E3FC57990}.Rsharp_app_release|x86.Build.0 = Release|Any CPU
		{6745A33A-56A6-4FCF-87C5-02631FD5D82B}.CFD_win32|Any CPU.ActiveCfg = CFD_win32|Any CPU
		{6745A33A-56A6-4FCF-87C5-02631FD5D82B}.CFD_win32|Any CPU.Build.0 = CFD_win32|Any CPU
		{6745A33A-56A6-4FCF-87C5-02631FD5D82B}.CFD_win32|x64.ActiveCfg = CFD_win32|x64
		{6745A33A-56A6-4FCF-87C5-02631FD5D82B}.CFD_win32|x64.Build.0 = CFD_win32|x64
		{6745A33A-56A6-4FCF-87C5-02631FD5D82B}.CFD_win32|x86.ActiveCfg = CFD_win32|x86
		{6745A33A-56A6-4FCF-87C5-02631FD5D82B}.CFD_win32|x86.Build.0 = CFD_win32|x86
		{6745A33A-56A6-4FCF-87C5-02631FD5D82B}.Debug|Any CPU.ActiveCfg = Debug|Any CPU
		{6745A33A-56A6-4FCF-87C5-02631FD5D82B}.Debug|Any CPU.Build.0 = Debug|Any CPU
		{6745A33A-56A6-4FCF-87C5-02631FD5D82B}.Debug|x64.ActiveCfg = Debug|x64
		{6745A33A-56A6-4FCF-87C5-02631FD5D82B}.Debug|x64.Build.0 = Debug|x64
		{6745A33A-56A6-4FCF-87C5-02631FD5D82B}.Debug|x86.ActiveCfg = Debug|x86
		{6745A33A-56A6-4FCF-87C5-02631FD5D82B}.Debug|x86.Build.0 = Debug|x86
		{6745A33A-56A6-4FCF-87C5-02631FD5D82B}.Desktop|Any CPU.ActiveCfg = Desktop|Any CPU
		{6745A33A-56A6-4FCF-87C5-02631FD5D82B}.Desktop|Any CPU.Build.0 = Desktop|Any CPU
		{6745A33A-56A6-4FCF-87C5-02631FD5D82B}.Desktop|x64.ActiveCfg = Desktop|x64
		{6745A33A-56A6-4FCF-87C5-02631FD5D82B}.Desktop|x64.Build.0 = Desktop|x64
		{6745A33A-56A6-4FCF-87C5-02631FD5D82B}.Desktop|x86.ActiveCfg = Desktop|x86
		{6745A33A-56A6-4FCF-87C5-02631FD5D82B}.Desktop|x86.Build.0 = Desktop|x86
		{6745A33A-56A6-4FCF-87C5-02631FD5D82B}.Docker|Any CPU.ActiveCfg = Docker|Any CPU
		{6745A33A-56A6-4FCF-87C5-02631FD5D82B}.Docker|Any CPU.Build.0 = Docker|Any CPU
		{6745A33A-56A6-4FCF-87C5-02631FD5D82B}.Docker|x64.ActiveCfg = Docker|x64
		{6745A33A-56A6-4FCF-87C5-02631FD5D82B}.Docker|x64.Build.0 = Docker|x64
		{6745A33A-56A6-4FCF-87C5-02631FD5D82B}.Docker|x86.ActiveCfg = Docker|x86
		{6745A33A-56A6-4FCF-87C5-02631FD5D82B}.Docker|x86.Build.0 = Docker|x86
		{6745A33A-56A6-4FCF-87C5-02631FD5D82B}.gcmodeller_desktop|Any CPU.ActiveCfg = gcmodeller_desktop|Any CPU
		{6745A33A-56A6-4FCF-87C5-02631FD5D82B}.gcmodeller_desktop|Any CPU.Build.0 = gcmodeller_desktop|Any CPU
		{6745A33A-56A6-4FCF-87C5-02631FD5D82B}.gcmodeller_desktop|x64.ActiveCfg = gcmodeller_desktop|x64
		{6745A33A-56A6-4FCF-87C5-02631FD5D82B}.gcmodeller_desktop|x64.Build.0 = gcmodeller_desktop|x64
		{6745A33A-56A6-4FCF-87C5-02631FD5D82B}.gcmodeller_desktop|x86.ActiveCfg = gcmodeller_desktop|x86
		{6745A33A-56A6-4FCF-87C5-02631FD5D82B}.gcmodeller_desktop|x86.Build.0 = gcmodeller_desktop|x86
		{6745A33A-56A6-4FCF-87C5-02631FD5D82B}.LipidSearch|Any CPU.ActiveCfg = LipidSearch|Any CPU
		{6745A33A-56A6-4FCF-87C5-02631FD5D82B}.LipidSearch|Any CPU.Build.0 = LipidSearch|Any CPU
		{6745A33A-56A6-4FCF-87C5-02631FD5D82B}.LipidSearch|x64.ActiveCfg = LipidSearch|x64
		{6745A33A-56A6-4FCF-87C5-02631FD5D82B}.LipidSearch|x64.Build.0 = LipidSearch|x64
		{6745A33A-56A6-4FCF-87C5-02631FD5D82B}.LipidSearch|x86.ActiveCfg = LipidSearch|x86
		{6745A33A-56A6-4FCF-87C5-02631FD5D82B}.LipidSearch|x86.Build.0 = LipidSearch|x86
		{6745A33A-56A6-4FCF-87C5-02631FD5D82B}.mzkit_win32|Any CPU.ActiveCfg = mzkit_win32|Any CPU
		{6745A33A-56A6-4FCF-87C5-02631FD5D82B}.mzkit_win32|Any CPU.Build.0 = mzkit_win32|Any CPU
		{6745A33A-56A6-4FCF-87C5-02631FD5D82B}.mzkit_win32|x64.ActiveCfg = mzkit_win32|x64
		{6745A33A-56A6-4FCF-87C5-02631FD5D82B}.mzkit_win32|x64.Build.0 = mzkit_win32|x64
		{6745A33A-56A6-4FCF-87C5-02631FD5D82B}.mzkit_win32|x86.ActiveCfg = mzkit_win32|x86
		{6745A33A-56A6-4FCF-87C5-02631FD5D82B}.mzkit_win32|x86.Build.0 = mzkit_win32|x86
		{6745A33A-56A6-4FCF-87C5-02631FD5D82B}.mzkit|Any CPU.ActiveCfg = mzkit|Any CPU
		{6745A33A-56A6-4FCF-87C5-02631FD5D82B}.mzkit|Any CPU.Build.0 = mzkit|Any CPU
		{6745A33A-56A6-4FCF-87C5-02631FD5D82B}.mzkit|x64.ActiveCfg = mzkit|x64
		{6745A33A-56A6-4FCF-87C5-02631FD5D82B}.mzkit|x64.Build.0 = mzkit|x64
		{6745A33A-56A6-4FCF-87C5-02631FD5D82B}.mzkit|x86.ActiveCfg = mzkit|x86
		{6745A33A-56A6-4FCF-87C5-02631FD5D82B}.mzkit|x86.Build.0 = mzkit|x86
		{6745A33A-56A6-4FCF-87C5-02631FD5D82B}.NPSearch|Any CPU.ActiveCfg = NPSearch|Any CPU
		{6745A33A-56A6-4FCF-87C5-02631FD5D82B}.NPSearch|Any CPU.Build.0 = NPSearch|Any CPU
		{6745A33A-56A6-4FCF-87C5-02631FD5D82B}.NPSearch|x64.ActiveCfg = NPSearch|x64
		{6745A33A-56A6-4FCF-87C5-02631FD5D82B}.NPSearch|x64.Build.0 = NPSearch|x64
		{6745A33A-56A6-4FCF-87C5-02631FD5D82B}.NPSearch|x86.ActiveCfg = NPSearch|x86
		{6745A33A-56A6-4FCF-87C5-02631FD5D82B}.NPSearch|x86.Build.0 = NPSearch|x86
		{6745A33A-56A6-4FCF-87C5-02631FD5D82B}.nuget_release|Any CPU.ActiveCfg = nuget_release|Any CPU
		{6745A33A-56A6-4FCF-87C5-02631FD5D82B}.nuget_release|Any CPU.Build.0 = nuget_release|Any CPU
		{6745A33A-56A6-4FCF-87C5-02631FD5D82B}.nuget_release|x64.ActiveCfg = nuget_release|x64
		{6745A33A-56A6-4FCF-87C5-02631FD5D82B}.nuget_release|x64.Build.0 = nuget_release|x64
		{6745A33A-56A6-4FCF-87C5-02631FD5D82B}.nuget_release|x86.ActiveCfg = nuget_release|x86
		{6745A33A-56A6-4FCF-87C5-02631FD5D82B}.nuget_release|x86.Build.0 = nuget_release|x86
		{6745A33A-56A6-4FCF-87C5-02631FD5D82B}.PlantMAT|Any CPU.ActiveCfg = PlantMAT|Any CPU
		{6745A33A-56A6-4FCF-87C5-02631FD5D82B}.PlantMAT|Any CPU.Build.0 = PlantMAT|Any CPU
		{6745A33A-56A6-4FCF-87C5-02631FD5D82B}.PlantMAT|x64.ActiveCfg = PlantMAT|x64
		{6745A33A-56A6-4FCF-87C5-02631FD5D82B}.PlantMAT|x64.Build.0 = PlantMAT|x64
		{6745A33A-56A6-4FCF-87C5-02631FD5D82B}.PlantMAT|x86.ActiveCfg = PlantMAT|x86
		{6745A33A-56A6-4FCF-87C5-02631FD5D82B}.PlantMAT|x86.Build.0 = PlantMAT|x86
		{6745A33A-56A6-4FCF-87C5-02631FD5D82B}.Release|Any CPU.ActiveCfg = Release|Any CPU
		{6745A33A-56A6-4FCF-87C5-02631FD5D82B}.Release|Any CPU.Build.0 = Release|Any CPU
		{6745A33A-56A6-4FCF-87C5-02631FD5D82B}.Release|x64.ActiveCfg = Release|x64
		{6745A33A-56A6-4FCF-87C5-02631FD5D82B}.Release|x64.Build.0 = Release|x64
		{6745A33A-56A6-4FCF-87C5-02631FD5D82B}.Release|x86.ActiveCfg = Release|x86
		{6745A33A-56A6-4FCF-87C5-02631FD5D82B}.Release|x86.Build.0 = Release|x86
		{6745A33A-56A6-4FCF-87C5-02631FD5D82B}.Rsharp_app_release|Any CPU.ActiveCfg = Rsharp_app_release|Any CPU
		{6745A33A-56A6-4FCF-87C5-02631FD5D82B}.Rsharp_app_release|Any CPU.Build.0 = Rsharp_app_release|Any CPU
		{6745A33A-56A6-4FCF-87C5-02631FD5D82B}.Rsharp_app_release|x64.ActiveCfg = Rsharp_app_release|x64
		{6745A33A-56A6-4FCF-87C5-02631FD5D82B}.Rsharp_app_release|x64.Build.0 = Rsharp_app_release|x64
		{6745A33A-56A6-4FCF-87C5-02631FD5D82B}.Rsharp_app_release|x86.ActiveCfg = Rsharp_app_release|x86
		{6745A33A-56A6-4FCF-87C5-02631FD5D82B}.Rsharp_app_release|x86.Build.0 = Rsharp_app_release|x86
		{D49F5A17-549B-4B02-8BBC-DE4CE5582777}.CFD_win32|Any CPU.ActiveCfg = CFD_win32|Any CPU
		{D49F5A17-549B-4B02-8BBC-DE4CE5582777}.CFD_win32|Any CPU.Build.0 = CFD_win32|Any CPU
		{D49F5A17-549B-4B02-8BBC-DE4CE5582777}.CFD_win32|x64.ActiveCfg = CFD_win32|x64
		{D49F5A17-549B-4B02-8BBC-DE4CE5582777}.CFD_win32|x64.Build.0 = CFD_win32|x64
		{D49F5A17-549B-4B02-8BBC-DE4CE5582777}.CFD_win32|x86.ActiveCfg = CFD_win32|x86
		{D49F5A17-549B-4B02-8BBC-DE4CE5582777}.CFD_win32|x86.Build.0 = CFD_win32|x86
		{D49F5A17-549B-4B02-8BBC-DE4CE5582777}.Debug|Any CPU.ActiveCfg = Debug|Any CPU
		{D49F5A17-549B-4B02-8BBC-DE4CE5582777}.Debug|Any CPU.Build.0 = Debug|Any CPU
		{D49F5A17-549B-4B02-8BBC-DE4CE5582777}.Debug|x64.ActiveCfg = Debug|x64
		{D49F5A17-549B-4B02-8BBC-DE4CE5582777}.Debug|x64.Build.0 = Debug|x64
		{D49F5A17-549B-4B02-8BBC-DE4CE5582777}.Debug|x86.ActiveCfg = Debug|x86
		{D49F5A17-549B-4B02-8BBC-DE4CE5582777}.Debug|x86.Build.0 = Debug|x86
		{D49F5A17-549B-4B02-8BBC-DE4CE5582777}.Desktop|Any CPU.ActiveCfg = Desktop|Any CPU
		{D49F5A17-549B-4B02-8BBC-DE4CE5582777}.Desktop|Any CPU.Build.0 = Desktop|Any CPU
		{D49F5A17-549B-4B02-8BBC-DE4CE5582777}.Desktop|x64.ActiveCfg = Desktop|x64
		{D49F5A17-549B-4B02-8BBC-DE4CE5582777}.Desktop|x64.Build.0 = Desktop|x64
		{D49F5A17-549B-4B02-8BBC-DE4CE5582777}.Desktop|x86.ActiveCfg = Desktop|x86
		{D49F5A17-549B-4B02-8BBC-DE4CE5582777}.Desktop|x86.Build.0 = Desktop|x86
		{D49F5A17-549B-4B02-8BBC-DE4CE5582777}.Docker|Any CPU.ActiveCfg = Desktop|Any CPU
		{D49F5A17-549B-4B02-8BBC-DE4CE5582777}.Docker|Any CPU.Build.0 = Desktop|Any CPU
		{D49F5A17-549B-4B02-8BBC-DE4CE5582777}.Docker|x64.ActiveCfg = Desktop|x64
		{D49F5A17-549B-4B02-8BBC-DE4CE5582777}.Docker|x64.Build.0 = Desktop|x64
		{D49F5A17-549B-4B02-8BBC-DE4CE5582777}.Docker|x86.ActiveCfg = Desktop|x86
		{D49F5A17-549B-4B02-8BBC-DE4CE5582777}.Docker|x86.Build.0 = Desktop|x86
		{D49F5A17-549B-4B02-8BBC-DE4CE5582777}.gcmodeller_desktop|Any CPU.ActiveCfg = gcmodeller_desktop|Any CPU
		{D49F5A17-549B-4B02-8BBC-DE4CE5582777}.gcmodeller_desktop|Any CPU.Build.0 = gcmodeller_desktop|Any CPU
		{D49F5A17-549B-4B02-8BBC-DE4CE5582777}.gcmodeller_desktop|x64.ActiveCfg = gcmodeller_desktop|x64
		{D49F5A17-549B-4B02-8BBC-DE4CE5582777}.gcmodeller_desktop|x64.Build.0 = gcmodeller_desktop|x64
		{D49F5A17-549B-4B02-8BBC-DE4CE5582777}.gcmodeller_desktop|x86.ActiveCfg = gcmodeller_desktop|x86
		{D49F5A17-549B-4B02-8BBC-DE4CE5582777}.gcmodeller_desktop|x86.Build.0 = gcmodeller_desktop|x86
		{D49F5A17-549B-4B02-8BBC-DE4CE5582777}.LipidSearch|Any CPU.ActiveCfg = LipidSearch|Any CPU
		{D49F5A17-549B-4B02-8BBC-DE4CE5582777}.LipidSearch|Any CPU.Build.0 = LipidSearch|Any CPU
		{D49F5A17-549B-4B02-8BBC-DE4CE5582777}.LipidSearch|x64.ActiveCfg = LipidSearch|x64
		{D49F5A17-549B-4B02-8BBC-DE4CE5582777}.LipidSearch|x64.Build.0 = LipidSearch|x64
		{D49F5A17-549B-4B02-8BBC-DE4CE5582777}.LipidSearch|x86.ActiveCfg = LipidSearch|x86
		{D49F5A17-549B-4B02-8BBC-DE4CE5582777}.LipidSearch|x86.Build.0 = LipidSearch|x86
		{D49F5A17-549B-4B02-8BBC-DE4CE5582777}.mzkit_win32|Any CPU.ActiveCfg = mzkit_win32|Any CPU
		{D49F5A17-549B-4B02-8BBC-DE4CE5582777}.mzkit_win32|Any CPU.Build.0 = mzkit_win32|Any CPU
		{D49F5A17-549B-4B02-8BBC-DE4CE5582777}.mzkit_win32|x64.ActiveCfg = mzkit_win32|x64
		{D49F5A17-549B-4B02-8BBC-DE4CE5582777}.mzkit_win32|x64.Build.0 = mzkit_win32|x64
		{D49F5A17-549B-4B02-8BBC-DE4CE5582777}.mzkit_win32|x86.ActiveCfg = mzkit_win32|x86
		{D49F5A17-549B-4B02-8BBC-DE4CE5582777}.mzkit_win32|x86.Build.0 = mzkit_win32|x86
		{D49F5A17-549B-4B02-8BBC-DE4CE5582777}.mzkit|Any CPU.ActiveCfg = mzkit|Any CPU
		{D49F5A17-549B-4B02-8BBC-DE4CE5582777}.mzkit|Any CPU.Build.0 = mzkit|Any CPU
		{D49F5A17-549B-4B02-8BBC-DE4CE5582777}.mzkit|x64.ActiveCfg = mzkit|x64
		{D49F5A17-549B-4B02-8BBC-DE4CE5582777}.mzkit|x64.Build.0 = mzkit|x64
		{D49F5A17-549B-4B02-8BBC-DE4CE5582777}.mzkit|x86.ActiveCfg = mzkit|x86
		{D49F5A17-549B-4B02-8BBC-DE4CE5582777}.mzkit|x86.Build.0 = mzkit|x86
		{D49F5A17-549B-4B02-8BBC-DE4CE5582777}.NPSearch|Any CPU.ActiveCfg = NPSearch|Any CPU
		{D49F5A17-549B-4B02-8BBC-DE4CE5582777}.NPSearch|Any CPU.Build.0 = NPSearch|Any CPU
		{D49F5A17-549B-4B02-8BBC-DE4CE5582777}.NPSearch|x64.ActiveCfg = NPSearch|x64
		{D49F5A17-549B-4B02-8BBC-DE4CE5582777}.NPSearch|x64.Build.0 = NPSearch|x64
		{D49F5A17-549B-4B02-8BBC-DE4CE5582777}.NPSearch|x86.ActiveCfg = NPSearch|x86
		{D49F5A17-549B-4B02-8BBC-DE4CE5582777}.NPSearch|x86.Build.0 = NPSearch|x86
		{D49F5A17-549B-4B02-8BBC-DE4CE5582777}.nuget_release|Any CPU.ActiveCfg = nuget_release|Any CPU
		{D49F5A17-549B-4B02-8BBC-DE4CE5582777}.nuget_release|Any CPU.Build.0 = nuget_release|Any CPU
		{D49F5A17-549B-4B02-8BBC-DE4CE5582777}.nuget_release|x64.ActiveCfg = nuget_release|x64
		{D49F5A17-549B-4B02-8BBC-DE4CE5582777}.nuget_release|x64.Build.0 = nuget_release|x64
		{D49F5A17-549B-4B02-8BBC-DE4CE5582777}.nuget_release|x86.ActiveCfg = nuget_release|x86
		{D49F5A17-549B-4B02-8BBC-DE4CE5582777}.nuget_release|x86.Build.0 = nuget_release|x86
		{D49F5A17-549B-4B02-8BBC-DE4CE5582777}.PlantMAT|Any CPU.ActiveCfg = Debug|Any CPU
		{D49F5A17-549B-4B02-8BBC-DE4CE5582777}.PlantMAT|Any CPU.Build.0 = Debug|Any CPU
		{D49F5A17-549B-4B02-8BBC-DE4CE5582777}.PlantMAT|x64.ActiveCfg = Debug|x64
		{D49F5A17-549B-4B02-8BBC-DE4CE5582777}.PlantMAT|x64.Build.0 = Debug|x64
		{D49F5A17-549B-4B02-8BBC-DE4CE5582777}.PlantMAT|x86.ActiveCfg = Debug|x86
		{D49F5A17-549B-4B02-8BBC-DE4CE5582777}.PlantMAT|x86.Build.0 = Debug|x86
		{D49F5A17-549B-4B02-8BBC-DE4CE5582777}.Release|Any CPU.ActiveCfg = Release|Any CPU
		{D49F5A17-549B-4B02-8BBC-DE4CE5582777}.Release|Any CPU.Build.0 = Release|Any CPU
		{D49F5A17-549B-4B02-8BBC-DE4CE5582777}.Release|x64.ActiveCfg = Release|x64
		{D49F5A17-549B-4B02-8BBC-DE4CE5582777}.Release|x64.Build.0 = Release|x64
		{D49F5A17-549B-4B02-8BBC-DE4CE5582777}.Release|x86.ActiveCfg = Release|x86
		{D49F5A17-549B-4B02-8BBC-DE4CE5582777}.Release|x86.Build.0 = Release|x86
		{D49F5A17-549B-4B02-8BBC-DE4CE5582777}.Rsharp_app_release|Any CPU.ActiveCfg = Rsharp_app_release|Any CPU
		{D49F5A17-549B-4B02-8BBC-DE4CE5582777}.Rsharp_app_release|Any CPU.Build.0 = Rsharp_app_release|Any CPU
		{D49F5A17-549B-4B02-8BBC-DE4CE5582777}.Rsharp_app_release|x64.ActiveCfg = Rsharp_app_release|x64
		{D49F5A17-549B-4B02-8BBC-DE4CE5582777}.Rsharp_app_release|x64.Build.0 = Rsharp_app_release|x64
		{D49F5A17-549B-4B02-8BBC-DE4CE5582777}.Rsharp_app_release|x86.ActiveCfg = Rsharp_app_release|x86
		{D49F5A17-549B-4B02-8BBC-DE4CE5582777}.Rsharp_app_release|x86.Build.0 = Rsharp_app_release|x86
		{8B8703F5-5CDC-4C4C-A15B-A5092E6B9DD0}.CFD_win32|Any CPU.ActiveCfg = CFD_win32|Any CPU
		{8B8703F5-5CDC-4C4C-A15B-A5092E6B9DD0}.CFD_win32|Any CPU.Build.0 = CFD_win32|Any CPU
		{8B8703F5-5CDC-4C4C-A15B-A5092E6B9DD0}.CFD_win32|x64.ActiveCfg = CFD_win32|x64
		{8B8703F5-5CDC-4C4C-A15B-A5092E6B9DD0}.CFD_win32|x64.Build.0 = CFD_win32|x64
		{8B8703F5-5CDC-4C4C-A15B-A5092E6B9DD0}.CFD_win32|x86.ActiveCfg = CFD_win32|x86
		{8B8703F5-5CDC-4C4C-A15B-A5092E6B9DD0}.CFD_win32|x86.Build.0 = CFD_win32|x86
		{8B8703F5-5CDC-4C4C-A15B-A5092E6B9DD0}.Debug|Any CPU.ActiveCfg = Debug|Any CPU
		{8B8703F5-5CDC-4C4C-A15B-A5092E6B9DD0}.Debug|Any CPU.Build.0 = Debug|Any CPU
		{8B8703F5-5CDC-4C4C-A15B-A5092E6B9DD0}.Debug|x64.ActiveCfg = Debug|x64
		{8B8703F5-5CDC-4C4C-A15B-A5092E6B9DD0}.Debug|x64.Build.0 = Debug|x64
		{8B8703F5-5CDC-4C4C-A15B-A5092E6B9DD0}.Debug|x86.ActiveCfg = Debug|x86
		{8B8703F5-5CDC-4C4C-A15B-A5092E6B9DD0}.Debug|x86.Build.0 = Debug|x86
		{8B8703F5-5CDC-4C4C-A15B-A5092E6B9DD0}.Desktop|Any CPU.ActiveCfg = Desktop|Any CPU
		{8B8703F5-5CDC-4C4C-A15B-A5092E6B9DD0}.Desktop|Any CPU.Build.0 = Desktop|Any CPU
		{8B8703F5-5CDC-4C4C-A15B-A5092E6B9DD0}.Desktop|x64.ActiveCfg = Desktop|x64
		{8B8703F5-5CDC-4C4C-A15B-A5092E6B9DD0}.Desktop|x64.Build.0 = Desktop|x64
		{8B8703F5-5CDC-4C4C-A15B-A5092E6B9DD0}.Desktop|x86.ActiveCfg = Desktop|x86
		{8B8703F5-5CDC-4C4C-A15B-A5092E6B9DD0}.Desktop|x86.Build.0 = Desktop|x86
		{8B8703F5-5CDC-4C4C-A15B-A5092E6B9DD0}.Docker|Any CPU.ActiveCfg = Desktop|Any CPU
		{8B8703F5-5CDC-4C4C-A15B-A5092E6B9DD0}.Docker|Any CPU.Build.0 = Desktop|Any CPU
		{8B8703F5-5CDC-4C4C-A15B-A5092E6B9DD0}.Docker|x64.ActiveCfg = Desktop|x64
		{8B8703F5-5CDC-4C4C-A15B-A5092E6B9DD0}.Docker|x64.Build.0 = Desktop|x64
		{8B8703F5-5CDC-4C4C-A15B-A5092E6B9DD0}.Docker|x86.ActiveCfg = Desktop|x86
		{8B8703F5-5CDC-4C4C-A15B-A5092E6B9DD0}.Docker|x86.Build.0 = Desktop|x86
		{8B8703F5-5CDC-4C4C-A15B-A5092E6B9DD0}.gcmodeller_desktop|Any CPU.ActiveCfg = gcmodeller_desktop|Any CPU
		{8B8703F5-5CDC-4C4C-A15B-A5092E6B9DD0}.gcmodeller_desktop|Any CPU.Build.0 = gcmodeller_desktop|Any CPU
		{8B8703F5-5CDC-4C4C-A15B-A5092E6B9DD0}.gcmodeller_desktop|x64.ActiveCfg = gcmodeller_desktop|x64
		{8B8703F5-5CDC-4C4C-A15B-A5092E6B9DD0}.gcmodeller_desktop|x64.Build.0 = gcmodeller_desktop|x64
		{8B8703F5-5CDC-4C4C-A15B-A5092E6B9DD0}.gcmodeller_desktop|x86.ActiveCfg = gcmodeller_desktop|x86
		{8B8703F5-5CDC-4C4C-A15B-A5092E6B9DD0}.gcmodeller_desktop|x86.Build.0 = gcmodeller_desktop|x86
		{8B8703F5-5CDC-4C4C-A15B-A5092E6B9DD0}.LipidSearch|Any CPU.ActiveCfg = LipidSearch|Any CPU
		{8B8703F5-5CDC-4C4C-A15B-A5092E6B9DD0}.LipidSearch|Any CPU.Build.0 = LipidSearch|Any CPU
		{8B8703F5-5CDC-4C4C-A15B-A5092E6B9DD0}.LipidSearch|x64.ActiveCfg = LipidSearch|x64
		{8B8703F5-5CDC-4C4C-A15B-A5092E6B9DD0}.LipidSearch|x64.Build.0 = LipidSearch|x64
		{8B8703F5-5CDC-4C4C-A15B-A5092E6B9DD0}.LipidSearch|x86.ActiveCfg = LipidSearch|x86
		{8B8703F5-5CDC-4C4C-A15B-A5092E6B9DD0}.LipidSearch|x86.Build.0 = LipidSearch|x86
		{8B8703F5-5CDC-4C4C-A15B-A5092E6B9DD0}.mzkit_win32|Any CPU.ActiveCfg = mzkit_win32|Any CPU
		{8B8703F5-5CDC-4C4C-A15B-A5092E6B9DD0}.mzkit_win32|Any CPU.Build.0 = mzkit_win32|Any CPU
		{8B8703F5-5CDC-4C4C-A15B-A5092E6B9DD0}.mzkit_win32|x64.ActiveCfg = mzkit_win32|x64
		{8B8703F5-5CDC-4C4C-A15B-A5092E6B9DD0}.mzkit_win32|x64.Build.0 = mzkit_win32|x64
		{8B8703F5-5CDC-4C4C-A15B-A5092E6B9DD0}.mzkit_win32|x86.ActiveCfg = mzkit_win32|x86
		{8B8703F5-5CDC-4C4C-A15B-A5092E6B9DD0}.mzkit_win32|x86.Build.0 = mzkit_win32|x86
		{8B8703F5-5CDC-4C4C-A15B-A5092E6B9DD0}.mzkit|Any CPU.ActiveCfg = mzkit|Any CPU
		{8B8703F5-5CDC-4C4C-A15B-A5092E6B9DD0}.mzkit|Any CPU.Build.0 = mzkit|Any CPU
		{8B8703F5-5CDC-4C4C-A15B-A5092E6B9DD0}.mzkit|x64.ActiveCfg = mzkit|x64
		{8B8703F5-5CDC-4C4C-A15B-A5092E6B9DD0}.mzkit|x64.Build.0 = mzkit|x64
		{8B8703F5-5CDC-4C4C-A15B-A5092E6B9DD0}.mzkit|x86.ActiveCfg = mzkit|x86
		{8B8703F5-5CDC-4C4C-A15B-A5092E6B9DD0}.mzkit|x86.Build.0 = mzkit|x86
		{8B8703F5-5CDC-4C4C-A15B-A5092E6B9DD0}.NPSearch|Any CPU.ActiveCfg = NPSearch|Any CPU
		{8B8703F5-5CDC-4C4C-A15B-A5092E6B9DD0}.NPSearch|Any CPU.Build.0 = NPSearch|Any CPU
		{8B8703F5-5CDC-4C4C-A15B-A5092E6B9DD0}.NPSearch|x64.ActiveCfg = NPSearch|x64
		{8B8703F5-5CDC-4C4C-A15B-A5092E6B9DD0}.NPSearch|x64.Build.0 = NPSearch|x64
		{8B8703F5-5CDC-4C4C-A15B-A5092E6B9DD0}.NPSearch|x86.ActiveCfg = NPSearch|x86
		{8B8703F5-5CDC-4C4C-A15B-A5092E6B9DD0}.NPSearch|x86.Build.0 = NPSearch|x86
		{8B8703F5-5CDC-4C4C-A15B-A5092E6B9DD0}.nuget_release|Any CPU.ActiveCfg = nuget_release|Any CPU
		{8B8703F5-5CDC-4C4C-A15B-A5092E6B9DD0}.nuget_release|Any CPU.Build.0 = nuget_release|Any CPU
		{8B8703F5-5CDC-4C4C-A15B-A5092E6B9DD0}.nuget_release|x64.ActiveCfg = nuget_release|x64
		{8B8703F5-5CDC-4C4C-A15B-A5092E6B9DD0}.nuget_release|x64.Build.0 = nuget_release|x64
		{8B8703F5-5CDC-4C4C-A15B-A5092E6B9DD0}.nuget_release|x86.ActiveCfg = nuget_release|x86
		{8B8703F5-5CDC-4C4C-A15B-A5092E6B9DD0}.nuget_release|x86.Build.0 = nuget_release|x86
		{8B8703F5-5CDC-4C4C-A15B-A5092E6B9DD0}.PlantMAT|Any CPU.ActiveCfg = PlantMAT|Any CPU
		{8B8703F5-5CDC-4C4C-A15B-A5092E6B9DD0}.PlantMAT|Any CPU.Build.0 = PlantMAT|Any CPU
		{8B8703F5-5CDC-4C4C-A15B-A5092E6B9DD0}.PlantMAT|x64.ActiveCfg = PlantMAT|x64
		{8B8703F5-5CDC-4C4C-A15B-A5092E6B9DD0}.PlantMAT|x64.Build.0 = PlantMAT|x64
		{8B8703F5-5CDC-4C4C-A15B-A5092E6B9DD0}.PlantMAT|x86.ActiveCfg = PlantMAT|x86
		{8B8703F5-5CDC-4C4C-A15B-A5092E6B9DD0}.PlantMAT|x86.Build.0 = PlantMAT|x86
		{8B8703F5-5CDC-4C4C-A15B-A5092E6B9DD0}.Release|Any CPU.ActiveCfg = Release|Any CPU
		{8B8703F5-5CDC-4C4C-A15B-A5092E6B9DD0}.Release|Any CPU.Build.0 = Release|Any CPU
		{8B8703F5-5CDC-4C4C-A15B-A5092E6B9DD0}.Release|x64.ActiveCfg = Release|x64
		{8B8703F5-5CDC-4C4C-A15B-A5092E6B9DD0}.Release|x64.Build.0 = Release|x64
		{8B8703F5-5CDC-4C4C-A15B-A5092E6B9DD0}.Release|x86.ActiveCfg = Release|x86
		{8B8703F5-5CDC-4C4C-A15B-A5092E6B9DD0}.Release|x86.Build.0 = Release|x86
		{8B8703F5-5CDC-4C4C-A15B-A5092E6B9DD0}.Rsharp_app_release|Any CPU.ActiveCfg = Rsharp_app_release|Any CPU
		{8B8703F5-5CDC-4C4C-A15B-A5092E6B9DD0}.Rsharp_app_release|Any CPU.Build.0 = Rsharp_app_release|Any CPU
		{8B8703F5-5CDC-4C4C-A15B-A5092E6B9DD0}.Rsharp_app_release|x64.ActiveCfg = Rsharp_app_release|x64
		{8B8703F5-5CDC-4C4C-A15B-A5092E6B9DD0}.Rsharp_app_release|x64.Build.0 = Rsharp_app_release|x64
		{8B8703F5-5CDC-4C4C-A15B-A5092E6B9DD0}.Rsharp_app_release|x86.ActiveCfg = Rsharp_app_release|x86
		{8B8703F5-5CDC-4C4C-A15B-A5092E6B9DD0}.Rsharp_app_release|x86.Build.0 = Rsharp_app_release|x86
		{3A9545ED-89AD-43F1-81FF-13625582E55E}.CFD_win32|Any CPU.ActiveCfg = Debug|Any CPU
		{3A9545ED-89AD-43F1-81FF-13625582E55E}.CFD_win32|Any CPU.Build.0 = Debug|Any CPU
		{3A9545ED-89AD-43F1-81FF-13625582E55E}.CFD_win32|x64.ActiveCfg = Debug|x64
		{3A9545ED-89AD-43F1-81FF-13625582E55E}.CFD_win32|x64.Build.0 = Debug|x64
		{3A9545ED-89AD-43F1-81FF-13625582E55E}.CFD_win32|x86.ActiveCfg = Debug|Any CPU
		{3A9545ED-89AD-43F1-81FF-13625582E55E}.CFD_win32|x86.Build.0 = Debug|Any CPU
		{3A9545ED-89AD-43F1-81FF-13625582E55E}.Debug|Any CPU.ActiveCfg = Debug|Any CPU
		{3A9545ED-89AD-43F1-81FF-13625582E55E}.Debug|Any CPU.Build.0 = Debug|Any CPU
		{3A9545ED-89AD-43F1-81FF-13625582E55E}.Debug|x64.ActiveCfg = Debug|x64
		{3A9545ED-89AD-43F1-81FF-13625582E55E}.Debug|x64.Build.0 = Debug|x64
		{3A9545ED-89AD-43F1-81FF-13625582E55E}.Debug|x86.ActiveCfg = Debug|Any CPU
		{3A9545ED-89AD-43F1-81FF-13625582E55E}.Debug|x86.Build.0 = Debug|Any CPU
		{3A9545ED-89AD-43F1-81FF-13625582E55E}.Desktop|Any CPU.ActiveCfg = Debug|Any CPU
		{3A9545ED-89AD-43F1-81FF-13625582E55E}.Desktop|Any CPU.Build.0 = Debug|Any CPU
		{3A9545ED-89AD-43F1-81FF-13625582E55E}.Desktop|x64.ActiveCfg = Debug|x64
		{3A9545ED-89AD-43F1-81FF-13625582E55E}.Desktop|x64.Build.0 = Debug|x64
		{3A9545ED-89AD-43F1-81FF-13625582E55E}.Desktop|x86.ActiveCfg = Debug|Any CPU
		{3A9545ED-89AD-43F1-81FF-13625582E55E}.Desktop|x86.Build.0 = Debug|Any CPU
		{3A9545ED-89AD-43F1-81FF-13625582E55E}.Docker|Any CPU.ActiveCfg = Debug|Any CPU
		{3A9545ED-89AD-43F1-81FF-13625582E55E}.Docker|Any CPU.Build.0 = Debug|Any CPU
		{3A9545ED-89AD-43F1-81FF-13625582E55E}.Docker|x64.ActiveCfg = Debug|x64
		{3A9545ED-89AD-43F1-81FF-13625582E55E}.Docker|x64.Build.0 = Debug|x64
		{3A9545ED-89AD-43F1-81FF-13625582E55E}.Docker|x86.ActiveCfg = Debug|Any CPU
		{3A9545ED-89AD-43F1-81FF-13625582E55E}.Docker|x86.Build.0 = Debug|Any CPU
		{3A9545ED-89AD-43F1-81FF-13625582E55E}.gcmodeller_desktop|Any CPU.ActiveCfg = gcmodeller_desktop|Any CPU
		{3A9545ED-89AD-43F1-81FF-13625582E55E}.gcmodeller_desktop|Any CPU.Build.0 = gcmodeller_desktop|Any CPU
		{3A9545ED-89AD-43F1-81FF-13625582E55E}.gcmodeller_desktop|x64.ActiveCfg = gcmodeller_desktop|x64
		{3A9545ED-89AD-43F1-81FF-13625582E55E}.gcmodeller_desktop|x64.Build.0 = gcmodeller_desktop|x64
		{3A9545ED-89AD-43F1-81FF-13625582E55E}.gcmodeller_desktop|x86.ActiveCfg = gcmodeller_desktop|Any CPU
		{3A9545ED-89AD-43F1-81FF-13625582E55E}.gcmodeller_desktop|x86.Build.0 = gcmodeller_desktop|Any CPU
		{3A9545ED-89AD-43F1-81FF-13625582E55E}.LipidSearch|Any CPU.ActiveCfg = LipidSearch|Any CPU
		{3A9545ED-89AD-43F1-81FF-13625582E55E}.LipidSearch|Any CPU.Build.0 = LipidSearch|Any CPU
		{3A9545ED-89AD-43F1-81FF-13625582E55E}.LipidSearch|x64.ActiveCfg = LipidSearch|x64
		{3A9545ED-89AD-43F1-81FF-13625582E55E}.LipidSearch|x64.Build.0 = LipidSearch|x64
		{3A9545ED-89AD-43F1-81FF-13625582E55E}.LipidSearch|x86.ActiveCfg = LipidSearch|Any CPU
		{3A9545ED-89AD-43F1-81FF-13625582E55E}.LipidSearch|x86.Build.0 = LipidSearch|Any CPU
		{3A9545ED-89AD-43F1-81FF-13625582E55E}.mzkit_win32|Any CPU.ActiveCfg = mzkit|Any CPU
		{3A9545ED-89AD-43F1-81FF-13625582E55E}.mzkit_win32|Any CPU.Build.0 = mzkit|Any CPU
		{3A9545ED-89AD-43F1-81FF-13625582E55E}.mzkit_win32|x64.ActiveCfg = mzkit|x64
		{3A9545ED-89AD-43F1-81FF-13625582E55E}.mzkit_win32|x64.Build.0 = mzkit|x64
		{3A9545ED-89AD-43F1-81FF-13625582E55E}.mzkit_win32|x86.ActiveCfg = mzkit|Any CPU
		{3A9545ED-89AD-43F1-81FF-13625582E55E}.mzkit_win32|x86.Build.0 = mzkit|Any CPU
		{3A9545ED-89AD-43F1-81FF-13625582E55E}.mzkit|Any CPU.ActiveCfg = mzkit|Any CPU
		{3A9545ED-89AD-43F1-81FF-13625582E55E}.mzkit|Any CPU.Build.0 = mzkit|Any CPU
		{3A9545ED-89AD-43F1-81FF-13625582E55E}.mzkit|x64.ActiveCfg = mzkit|x64
		{3A9545ED-89AD-43F1-81FF-13625582E55E}.mzkit|x64.Build.0 = mzkit|x64
		{3A9545ED-89AD-43F1-81FF-13625582E55E}.mzkit|x86.ActiveCfg = mzkit|Any CPU
		{3A9545ED-89AD-43F1-81FF-13625582E55E}.mzkit|x86.Build.0 = mzkit|Any CPU
		{3A9545ED-89AD-43F1-81FF-13625582E55E}.NPSearch|Any CPU.ActiveCfg = NPSearch|Any CPU
		{3A9545ED-89AD-43F1-81FF-13625582E55E}.NPSearch|Any CPU.Build.0 = NPSearch|Any CPU
		{3A9545ED-89AD-43F1-81FF-13625582E55E}.NPSearch|x64.ActiveCfg = NPSearch|x64
		{3A9545ED-89AD-43F1-81FF-13625582E55E}.NPSearch|x64.Build.0 = NPSearch|x64
		{3A9545ED-89AD-43F1-81FF-13625582E55E}.NPSearch|x86.ActiveCfg = NPSearch|Any CPU
		{3A9545ED-89AD-43F1-81FF-13625582E55E}.NPSearch|x86.Build.0 = NPSearch|Any CPU
		{3A9545ED-89AD-43F1-81FF-13625582E55E}.nuget_release|Any CPU.ActiveCfg = nuget_release|Any CPU
		{3A9545ED-89AD-43F1-81FF-13625582E55E}.nuget_release|Any CPU.Build.0 = nuget_release|Any CPU
		{3A9545ED-89AD-43F1-81FF-13625582E55E}.nuget_release|x64.ActiveCfg = nuget_release|x64
		{3A9545ED-89AD-43F1-81FF-13625582E55E}.nuget_release|x64.Build.0 = nuget_release|x64
		{3A9545ED-89AD-43F1-81FF-13625582E55E}.nuget_release|x86.ActiveCfg = nuget_release|Any CPU
		{3A9545ED-89AD-43F1-81FF-13625582E55E}.nuget_release|x86.Build.0 = nuget_release|Any CPU
		{3A9545ED-89AD-43F1-81FF-13625582E55E}.PlantMAT|Any CPU.ActiveCfg = Debug|Any CPU
		{3A9545ED-89AD-43F1-81FF-13625582E55E}.PlantMAT|Any CPU.Build.0 = Debug|Any CPU
		{3A9545ED-89AD-43F1-81FF-13625582E55E}.PlantMAT|x64.ActiveCfg = Debug|x64
		{3A9545ED-89AD-43F1-81FF-13625582E55E}.PlantMAT|x64.Build.0 = Debug|x64
		{3A9545ED-89AD-43F1-81FF-13625582E55E}.PlantMAT|x86.ActiveCfg = Debug|Any CPU
		{3A9545ED-89AD-43F1-81FF-13625582E55E}.PlantMAT|x86.Build.0 = Debug|Any CPU
		{3A9545ED-89AD-43F1-81FF-13625582E55E}.Release|Any CPU.ActiveCfg = Release|Any CPU
		{3A9545ED-89AD-43F1-81FF-13625582E55E}.Release|Any CPU.Build.0 = Release|Any CPU
		{3A9545ED-89AD-43F1-81FF-13625582E55E}.Release|x64.ActiveCfg = Release|x64
		{3A9545ED-89AD-43F1-81FF-13625582E55E}.Release|x64.Build.0 = Release|x64
		{3A9545ED-89AD-43F1-81FF-13625582E55E}.Release|x86.ActiveCfg = Release|Any CPU
		{3A9545ED-89AD-43F1-81FF-13625582E55E}.Release|x86.Build.0 = Release|Any CPU
		{3A9545ED-89AD-43F1-81FF-13625582E55E}.Rsharp_app_release|Any CPU.ActiveCfg = Rsharp_app_release|Any CPU
		{3A9545ED-89AD-43F1-81FF-13625582E55E}.Rsharp_app_release|Any CPU.Build.0 = Rsharp_app_release|Any CPU
		{3A9545ED-89AD-43F1-81FF-13625582E55E}.Rsharp_app_release|x64.ActiveCfg = Rsharp_app_release|x64
		{3A9545ED-89AD-43F1-81FF-13625582E55E}.Rsharp_app_release|x64.Build.0 = Rsharp_app_release|x64
		{3A9545ED-89AD-43F1-81FF-13625582E55E}.Rsharp_app_release|x86.ActiveCfg = Rsharp_app_release|Any CPU
		{3A9545ED-89AD-43F1-81FF-13625582E55E}.Rsharp_app_release|x86.Build.0 = Rsharp_app_release|Any CPU
	EndGlobalSection
	GlobalSection(SolutionProperties) = preSolution
		HideSolutionNode = FALSE
	EndGlobalSection
	GlobalSection(NestedProjects) = preSolution
		{6745A33A-56A6-4FCF-87C5-02631FD5D82B} = {FC99C6D6-A1C2-4487-BF07-BB0616EDB596}
		{D49F5A17-549B-4B02-8BBC-DE4CE5582777} = {FC99C6D6-A1C2-4487-BF07-BB0616EDB596}
		{8B8703F5-5CDC-4C4C-A15B-A5092E6B9DD0} = {FC99C6D6-A1C2-4487-BF07-BB0616EDB596}
		{3A9545ED-89AD-43F1-81FF-13625582E55E} = {FC99C6D6-A1C2-4487-BF07-BB0616EDB596}
	EndGlobalSection
	GlobalSection(ExtensibilityGlobals) = postSolution
		SolutionGuid = {817669DD-83C0-4BDD-85DE-8343947A34AA}
	EndGlobalSection
EndGlobal
